// !$*UTF8*$!
{
	archiveVersion = 1;
	classes = {
	};
	objectVersion = 55;
	objects = {

/* Begin PBXBuildFile section */
		AB02B1EF274E8C63004C7616 /* AppDelegate.swift in Sources */ = {isa = PBXBuildFile; fileRef = AB02B1EE274E8C63004C7616 /* AppDelegate.swift */; };
		AB02B1F1274E8C63004C7616 /* SceneDelegate.swift in Sources */ = {isa = PBXBuildFile; fileRef = AB02B1F0274E8C63004C7616 /* SceneDelegate.swift */; };
		AB02B1F6274E8C63004C7616 /* Main.storyboard in Resources */ = {isa = PBXBuildFile; fileRef = AB02B1F4274E8C63004C7616 /* Main.storyboard */; };
		AB02B1F8274E8C66004C7616 /* Assets.xcassets in Resources */ = {isa = PBXBuildFile; fileRef = AB02B1F7274E8C66004C7616 /* Assets.xcassets */; };
		AB02B1FB274E8C66004C7616 /* LaunchScreen.storyboard in Resources */ = {isa = PBXBuildFile; fileRef = AB02B1F9274E8C66004C7616 /* LaunchScreen.storyboard */; };
		AB02B210274E8C66004C7616 /* CIB_AbsaUITests.swift in Sources */ = {isa = PBXBuildFile; fileRef = AB02B20F274E8C66004C7616 /* CIB_AbsaUITests.swift */; };
		AB02B212274E8C66004C7616 /* CIB_AbsaUITestsLaunchTests.swift in Sources */ = {isa = PBXBuildFile; fileRef = AB02B211274E8C66004C7616 /* CIB_AbsaUITestsLaunchTests.swift */; };
		AB0A87BA274E92F800D55397 /* AppCoordinator.swift in Sources */ = {isa = PBXBuildFile; fileRef = AB0A87B9274E92F800D55397 /* AppCoordinator.swift */; };
		AB0A87BC274E931800D55397 /* WeatherCoordinator.swift in Sources */ = {isa = PBXBuildFile; fileRef = AB0A87BB274E931800D55397 /* WeatherCoordinator.swift */; };
		AB0A87BF274E938A00D55397 /* MainWeatherScene.swift in Sources */ = {isa = PBXBuildFile; fileRef = AB0A87BE274E938A00D55397 /* MainWeatherScene.swift */; };
		AB0A87C3274E955E00D55397 /* Configurations.swift in Sources */ = {isa = PBXBuildFile; fileRef = AB0A87C2274E955E00D55397 /* Configurations.swift */; };
		AB0A87C7274E95A100D55397 /* WeatherViewModel.swift in Sources */ = {isa = PBXBuildFile; fileRef = AB0A87C6274E95A100D55397 /* WeatherViewModel.swift */; };
		AB0A87C9274E95C700D55397 /* CoordinatesModel.swift in Sources */ = {isa = PBXBuildFile; fileRef = AB0A87C8274E95C700D55397 /* CoordinatesModel.swift */; };
		AB0A87CB274E95DA00D55397 /* WeatherResponseModel.swift in Sources */ = {isa = PBXBuildFile; fileRef = AB0A87CA274E95DA00D55397 /* WeatherResponseModel.swift */; };
		AB0A87CD274E95FE00D55397 /* DayWeatherView.swift in Sources */ = {isa = PBXBuildFile; fileRef = AB0A87CC274E95FE00D55397 /* DayWeatherView.swift */; };
		AB0A87CF274E960B00D55397 /* WeeklyWeatherView.swift in Sources */ = {isa = PBXBuildFile; fileRef = AB0A87CE274E960B00D55397 /* WeeklyWeatherView.swift */; };
		AB0A87D2274E966100D55397 /* Localizable.strings in Resources */ = {isa = PBXBuildFile; fileRef = AB0A87D1274E966100D55397 /* Localizable.strings */; };
		AB0A87D5274E969900D55397 /* APIClient.swift in Sources */ = {isa = PBXBuildFile; fileRef = AB0A87D4274E969900D55397 /* APIClient.swift */; };
		AB0A87D7274E96B100D55397 /* Services.swift in Sources */ = {isa = PBXBuildFile; fileRef = AB0A87D6274E96B100D55397 /* Services.swift */; };
		AB0A87DA274EAAF300D55397 /* WeeklyTableCell.swift in Sources */ = {isa = PBXBuildFile; fileRef = AB0A87D9274EAAF300D55397 /* WeeklyTableCell.swift */; };
		AB0A87DE274EBF7300D55397 /* WeatherDetailsView.swift in Sources */ = {isa = PBXBuildFile; fileRef = AB0A87DD274EBF7300D55397 /* WeatherDetailsView.swift */; };
		AB0A87E0274F5EDC00D55397 /* JailBreakCheck.swift in Sources */ = {isa = PBXBuildFile; fileRef = AB0A87DF274F5EDC00D55397 /* JailBreakCheck.swift */; };
		AB0A87E3274FAC5300D55397 /* XCTestCase.swift in Sources */ = {isa = PBXBuildFile; fileRef = AB0A87E2274FAC5300D55397 /* XCTestCase.swift */; };
		AB0A87E5274FACB400D55397 /* weeklyDataStub.json in Resources */ = {isa = PBXBuildFile; fileRef = AB0A87E4274FACB400D55397 /* weeklyDataStub.json */; };
		AB0A87E8274FAD5300D55397 /* currentWeatherStub.json in Resources */ = {isa = PBXBuildFile; fileRef = AB0A87E7274FAD5300D55397 /* currentWeatherStub.json */; };
		AB0A87EB274FADD900D55397 /* CurrentWeatherTests.swift in Sources */ = {isa = PBXBuildFile; fileRef = AB0A87EA274FADD900D55397 /* CurrentWeatherTests.swift */; };
		AB0A87ED274FC40F00D55397 /* WeeklyWeatherTests.swift in Sources */ = {isa = PBXBuildFile; fileRef = AB0A87EC274FC40F00D55397 /* WeeklyWeatherTests.swift */; };
		AB0A87F0274FC9C200D55397 /* APIClientMock.swift in Sources */ = {isa = PBXBuildFile; fileRef = AB0A87EF274FC9C200D55397 /* APIClientMock.swift */; };
		AB0A87F2274FCE1400D55397 /* APIClientTests.swift in Sources */ = {isa = PBXBuildFile; fileRef = AB0A87F1274FCE1400D55397 /* APIClientTests.swift */; };
		AB0A87F4274FD73100D55397 /* JailBreakTests.swift in Sources */ = {isa = PBXBuildFile; fileRef = AB0A87F3274FD73100D55397 /* JailBreakTests.swift */; };
		AB0A87F6274FDC3B00D55397 /* Extensions.swift in Sources */ = {isa = PBXBuildFile; fileRef = AB0A87F5274FDC3B00D55397 /* Extensions.swift */; };
/* End PBXBuildFile section */

/* Begin PBXContainerItemProxy section */
		AB02B202274E8C66004C7616 /* PBXContainerItemProxy */ = {
			isa = PBXContainerItemProxy;
			containerPortal = AB02B1E3274E8C63004C7616 /* Project object */;
			proxyType = 1;
			remoteGlobalIDString = AB02B1EA274E8C63004C7616;
			remoteInfo = CIB_Absa;
		};
		AB02B20C274E8C66004C7616 /* PBXContainerItemProxy */ = {
			isa = PBXContainerItemProxy;
			containerPortal = AB02B1E3274E8C63004C7616 /* Project object */;
			proxyType = 1;
			remoteGlobalIDString = AB02B1EA274E8C63004C7616;
			remoteInfo = CIB_Absa;
		};
/* End PBXContainerItemProxy section */

/* Begin PBXFileReference section */
		AB02B1EB274E8C63004C7616 /* CIB_Absa.app */ = {isa = PBXFileReference; explicitFileType = wrapper.application; includeInIndex = 0; path = CIB_Absa.app; sourceTree = BUILT_PRODUCTS_DIR; };
		AB02B1EE274E8C63004C7616 /* AppDelegate.swift */ = {isa = PBXFileReference; lastKnownFileType = sourcecode.swift; path = AppDelegate.swift; sourceTree = "<group>"; };
		AB02B1F0274E8C63004C7616 /* SceneDelegate.swift */ = {isa = PBXFileReference; lastKnownFileType = sourcecode.swift; path = SceneDelegate.swift; sourceTree = "<group>"; };
		AB02B1F5274E8C63004C7616 /* Base */ = {isa = PBXFileReference; lastKnownFileType = file.storyboard; name = Base; path = Base.lproj/Main.storyboard; sourceTree = "<group>"; };
		AB02B1F7274E8C66004C7616 /* Assets.xcassets */ = {isa = PBXFileReference; lastKnownFileType = folder.assetcatalog; path = Assets.xcassets; sourceTree = "<group>"; };
		AB02B1FA274E8C66004C7616 /* Base */ = {isa = PBXFileReference; lastKnownFileType = file.storyboard; name = Base; path = Base.lproj/LaunchScreen.storyboard; sourceTree = "<group>"; };
		AB02B1FC274E8C66004C7616 /* Info.plist */ = {isa = PBXFileReference; lastKnownFileType = text.plist.xml; path = Info.plist; sourceTree = "<group>"; };
		AB02B201274E8C66004C7616 /* CIB_AbsaTests.xctest */ = {isa = PBXFileReference; explicitFileType = wrapper.cfbundle; includeInIndex = 0; path = CIB_AbsaTests.xctest; sourceTree = BUILT_PRODUCTS_DIR; };
		AB02B20B274E8C66004C7616 /* CIB_AbsaUITests.xctest */ = {isa = PBXFileReference; explicitFileType = wrapper.cfbundle; includeInIndex = 0; path = CIB_AbsaUITests.xctest; sourceTree = BUILT_PRODUCTS_DIR; };
		AB02B20F274E8C66004C7616 /* CIB_AbsaUITests.swift */ = {isa = PBXFileReference; lastKnownFileType = sourcecode.swift; path = CIB_AbsaUITests.swift; sourceTree = "<group>"; };
		AB02B211274E8C66004C7616 /* CIB_AbsaUITestsLaunchTests.swift */ = {isa = PBXFileReference; lastKnownFileType = sourcecode.swift; path = CIB_AbsaUITestsLaunchTests.swift; sourceTree = "<group>"; };
		AB0A87B9274E92F800D55397 /* AppCoordinator.swift */ = {isa = PBXFileReference; lastKnownFileType = sourcecode.swift; path = AppCoordinator.swift; sourceTree = "<group>"; };
		AB0A87BB274E931800D55397 /* WeatherCoordinator.swift */ = {isa = PBXFileReference; lastKnownFileType = sourcecode.swift; path = WeatherCoordinator.swift; sourceTree = "<group>"; };
		AB0A87BE274E938A00D55397 /* MainWeatherScene.swift */ = {isa = PBXFileReference; lastKnownFileType = sourcecode.swift; path = MainWeatherScene.swift; sourceTree = "<group>"; };
		AB0A87C2274E955E00D55397 /* Configurations.swift */ = {isa = PBXFileReference; lastKnownFileType = sourcecode.swift; path = Configurations.swift; sourceTree = "<group>"; };
		AB0A87C6274E95A100D55397 /* WeatherViewModel.swift */ = {isa = PBXFileReference; lastKnownFileType = sourcecode.swift; path = WeatherViewModel.swift; sourceTree = "<group>"; };
		AB0A87C8274E95C700D55397 /* CoordinatesModel.swift */ = {isa = PBXFileReference; lastKnownFileType = sourcecode.swift; path = CoordinatesModel.swift; sourceTree = "<group>"; };
		AB0A87CA274E95DA00D55397 /* WeatherResponseModel.swift */ = {isa = PBXFileReference; lastKnownFileType = sourcecode.swift; path = WeatherResponseModel.swift; sourceTree = "<group>"; };
		AB0A87CC274E95FE00D55397 /* DayWeatherView.swift */ = {isa = PBXFileReference; lastKnownFileType = sourcecode.swift; path = DayWeatherView.swift; sourceTree = "<group>"; };
		AB0A87CE274E960B00D55397 /* WeeklyWeatherView.swift */ = {isa = PBXFileReference; lastKnownFileType = sourcecode.swift; path = WeeklyWeatherView.swift; sourceTree = "<group>"; };
		AB0A87D1274E966100D55397 /* Localizable.strings */ = {isa = PBXFileReference; lastKnownFileType = text.plist.strings; path = Localizable.strings; sourceTree = "<group>"; };
		AB0A87D4274E969900D55397 /* APIClient.swift */ = {isa = PBXFileReference; lastKnownFileType = sourcecode.swift; path = APIClient.swift; sourceTree = "<group>"; };
		AB0A87D6274E96B100D55397 /* Services.swift */ = {isa = PBXFileReference; lastKnownFileType = sourcecode.swift; path = Services.swift; sourceTree = "<group>"; };
		AB0A87D9274EAAF300D55397 /* WeeklyTableCell.swift */ = {isa = PBXFileReference; lastKnownFileType = sourcecode.swift; path = WeeklyTableCell.swift; sourceTree = "<group>"; };
		AB0A87DD274EBF7300D55397 /* WeatherDetailsView.swift */ = {isa = PBXFileReference; lastKnownFileType = sourcecode.swift; path = WeatherDetailsView.swift; sourceTree = "<group>"; };
		AB0A87DF274F5EDC00D55397 /* JailBreakCheck.swift */ = {isa = PBXFileReference; lastKnownFileType = sourcecode.swift; path = JailBreakCheck.swift; sourceTree = "<group>"; };
		AB0A87E2274FAC5300D55397 /* XCTestCase.swift */ = {isa = PBXFileReference; lastKnownFileType = sourcecode.swift; path = XCTestCase.swift; sourceTree = "<group>"; };
		AB0A87E4274FACB400D55397 /* weeklyDataStub.json */ = {isa = PBXFileReference; lastKnownFileType = text.json; path = weeklyDataStub.json; sourceTree = "<group>"; };
		AB0A87E7274FAD5300D55397 /* currentWeatherStub.json */ = {isa = PBXFileReference; lastKnownFileType = text.json; path = currentWeatherStub.json; sourceTree = "<group>"; };
		AB0A87EA274FADD900D55397 /* CurrentWeatherTests.swift */ = {isa = PBXFileReference; lastKnownFileType = sourcecode.swift; path = CurrentWeatherTests.swift; sourceTree = "<group>"; };
		AB0A87EC274FC40F00D55397 /* WeeklyWeatherTests.swift */ = {isa = PBXFileReference; lastKnownFileType = sourcecode.swift; path = WeeklyWeatherTests.swift; sourceTree = "<group>"; };
		AB0A87EF274FC9C200D55397 /* APIClientMock.swift */ = {isa = PBXFileReference; lastKnownFileType = sourcecode.swift; path = APIClientMock.swift; sourceTree = "<group>"; };
		AB0A87F1274FCE1400D55397 /* APIClientTests.swift */ = {isa = PBXFileReference; lastKnownFileType = sourcecode.swift; path = APIClientTests.swift; sourceTree = "<group>"; };
		AB0A87F3274FD73100D55397 /* JailBreakTests.swift */ = {isa = PBXFileReference; lastKnownFileType = sourcecode.swift; path = JailBreakTests.swift; sourceTree = "<group>"; };
		AB0A87F5274FDC3B00D55397 /* Extensions.swift */ = {isa = PBXFileReference; lastKnownFileType = sourcecode.swift; path = Extensions.swift; sourceTree = "<group>"; };
/* End PBXFileReference section */

/* Begin PBXFrameworksBuildPhase section */
		AB02B1E8274E8C63004C7616 /* Frameworks */ = {
			isa = PBXFrameworksBuildPhase;
			buildActionMask = 2147483647;
			files = (
			);
			runOnlyForDeploymentPostprocessing = 0;
		};
		AB02B1FE274E8C66004C7616 /* Frameworks */ = {
			isa = PBXFrameworksBuildPhase;
			buildActionMask = 2147483647;
			files = (
			);
			runOnlyForDeploymentPostprocessing = 0;
		};
		AB02B208274E8C66004C7616 /* Frameworks */ = {
			isa = PBXFrameworksBuildPhase;
			buildActionMask = 2147483647;
			files = (
			);
			runOnlyForDeploymentPostprocessing = 0;
		};
/* End PBXFrameworksBuildPhase section */

/* Begin PBXGroup section */
		AB02B1E2274E8C63004C7616 = {
			isa = PBXGroup;
			children = (
				AB02B1ED274E8C63004C7616 /* CIB_Absa */,
				AB02B204274E8C66004C7616 /* CIB_AbsaTests */,
				AB02B20E274E8C66004C7616 /* CIB_AbsaUITests */,
				AB02B1EC274E8C63004C7616 /* Products */,
			);
			sourceTree = "<group>";
		};
		AB02B1EC274E8C63004C7616 /* Products */ = {
			isa = PBXGroup;
			children = (
				AB02B1EB274E8C63004C7616 /* CIB_Absa.app */,
				AB02B201274E8C66004C7616 /* CIB_AbsaTests.xctest */,
				AB02B20B274E8C66004C7616 /* CIB_AbsaUITests.xctest */,
			);
			name = Products;
			sourceTree = "<group>";
		};
		AB02B1ED274E8C63004C7616 /* CIB_Absa */ = {
			isa = PBXGroup;
			children = (
				AB0A87D8274E9A0700D55397 /* Support Files */,
				AB0A87D3274E967F00D55397 /* Networking */,
				AB0A87D0274E963F00D55397 /* Resources */,
				AB0A87C1274E954B00D55397 /* Utilities */,
				AB0A87B7274E92C900D55397 /* App */,
				AB02B1F4274E8C63004C7616 /* Main.storyboard */,
				AB02B1F9274E8C66004C7616 /* LaunchScreen.storyboard */,
				AB02B1F7274E8C66004C7616 /* Assets.xcassets */,
				AB02B1FC274E8C66004C7616 /* Info.plist */,
			);
			path = CIB_Absa;
			sourceTree = "<group>";
		};
		AB02B204274E8C66004C7616 /* CIB_AbsaTests */ = {
			isa = PBXGroup;
			children = (
				AB0A87EE274FC9AE00D55397 /* Mocks */,
				AB0A87E9274FAD9D00D55397 /* Test Cases */,
				AB0A87E6274FACFB00D55397 /* Stubs */,
				AB0A87E1274FAC3200D55397 /* Extensions */,
			);
			path = CIB_AbsaTests;
			sourceTree = "<group>";
		};
		AB02B20E274E8C66004C7616 /* CIB_AbsaUITests */ = {
			isa = PBXGroup;
			children = (
				AB02B20F274E8C66004C7616 /* CIB_AbsaUITests.swift */,
				AB02B211274E8C66004C7616 /* CIB_AbsaUITestsLaunchTests.swift */,
			);
			path = CIB_AbsaUITests;
			sourceTree = "<group>";
		};
		AB0A87B7274E92C900D55397 /* App */ = {
			isa = PBXGroup;
			children = (
				AB0A87C5274E958F00D55397 /* Models */,
				AB0A87C4274E958900D55397 /* ViewModels */,
				AB0A87BD274E933000D55397 /* Scenes */,
				AB0A87B8274E92DF00D55397 /* Coordinators */,
			);
			path = App;
			sourceTree = "<group>";
		};
		AB0A87B8274E92DF00D55397 /* Coordinators */ = {
			isa = PBXGroup;
			children = (
				AB0A87B9274E92F800D55397 /* AppCoordinator.swift */,
				AB0A87BB274E931800D55397 /* WeatherCoordinator.swift */,
			);
			path = Coordinators;
			sourceTree = "<group>";
		};
		AB0A87BD274E933000D55397 /* Scenes */ = {
			isa = PBXGroup;
			children = (
				AB0A87C0274E93DC00D55397 /* CustomViews */,
				AB0A87BE274E938A00D55397 /* MainWeatherScene.swift */,
			);
			path = Scenes;
			sourceTree = "<group>";
		};
		AB0A87C0274E93DC00D55397 /* CustomViews */ = {
			isa = PBXGroup;
			children = (
				AB0A87CC274E95FE00D55397 /* DayWeatherView.swift */,
				AB0A87CE274E960B00D55397 /* WeeklyWeatherView.swift */,
				AB0A87D9274EAAF300D55397 /* WeeklyTableCell.swift */,
				AB0A87DD274EBF7300D55397 /* WeatherDetailsView.swift */,
			);
			path = CustomViews;
			sourceTree = "<group>";
		};
		AB0A87C1274E954B00D55397 /* Utilities */ = {
			isa = PBXGroup;
			children = (
				AB0A87C2274E955E00D55397 /* Configurations.swift */,
				AB0A87DF274F5EDC00D55397 /* JailBreakCheck.swift */,
				AB0A87F5274FDC3B00D55397 /* Extensions.swift */,
			);
			path = Utilities;
			sourceTree = "<group>";
		};
		AB0A87C4274E958900D55397 /* ViewModels */ = {
			isa = PBXGroup;
			children = (
				AB0A87C6274E95A100D55397 /* WeatherViewModel.swift */,
			);
			path = ViewModels;
			sourceTree = "<group>";
		};
		AB0A87C5274E958F00D55397 /* Models */ = {
			isa = PBXGroup;
			children = (
				AB0A87C8274E95C700D55397 /* CoordinatesModel.swift */,
				AB0A87CA274E95DA00D55397 /* WeatherResponseModel.swift */,
			);
			path = Models;
			sourceTree = "<group>";
		};
		AB0A87D0274E963F00D55397 /* Resources */ = {
			isa = PBXGroup;
			children = (
				AB0A87D1274E966100D55397 /* Localizable.strings */,
			);
			path = Resources;
			sourceTree = "<group>";
		};
		AB0A87D3274E967F00D55397 /* Networking */ = {
			isa = PBXGroup;
			children = (
				AB0A87D4274E969900D55397 /* APIClient.swift */,
				AB0A87D6274E96B100D55397 /* Services.swift */,
			);
			path = Networking;
			sourceTree = "<group>";
		};
		AB0A87D8274E9A0700D55397 /* Support Files */ = {
			isa = PBXGroup;
			children = (
				AB02B1EE274E8C63004C7616 /* AppDelegate.swift */,
				AB02B1F0274E8C63004C7616 /* SceneDelegate.swift */,
			);
			path = "Support Files";
			sourceTree = "<group>";
		};
		AB0A87E1274FAC3200D55397 /* Extensions */ = {
			isa = PBXGroup;
			children = (
				AB0A87E2274FAC5300D55397 /* XCTestCase.swift */,
			);
			path = Extensions;
			sourceTree = "<group>";
		};
		AB0A87E6274FACFB00D55397 /* Stubs */ = {
			isa = PBXGroup;
			children = (
				AB0A87E4274FACB400D55397 /* weeklyDataStub.json */,
				AB0A87E7274FAD5300D55397 /* currentWeatherStub.json */,
			);
			path = Stubs;
			sourceTree = "<group>";
		};
		AB0A87E9274FAD9D00D55397 /* Test Cases */ = {
			isa = PBXGroup;
			children = (
				AB0A87EA274FADD900D55397 /* CurrentWeatherTests.swift */,
				AB0A87EC274FC40F00D55397 /* WeeklyWeatherTests.swift */,
				AB0A87F1274FCE1400D55397 /* APIClientTests.swift */,
				AB0A87F3274FD73100D55397 /* JailBreakTests.swift */,
			);
			path = "Test Cases";
			sourceTree = "<group>";
		};
		AB0A87EE274FC9AE00D55397 /* Mocks */ = {
			isa = PBXGroup;
			children = (
				AB0A87EF274FC9C200D55397 /* APIClientMock.swift */,
			);
			path = Mocks;
			sourceTree = "<group>";
		};
/* End PBXGroup section */

/* Begin PBXNativeTarget section */
		AB02B1EA274E8C63004C7616 /* CIB_Absa */ = {
			isa = PBXNativeTarget;
			buildConfigurationList = AB02B215274E8C66004C7616 /* Build configuration list for PBXNativeTarget "CIB_Absa" */;
			buildPhases = (
				AB02B1E7274E8C63004C7616 /* Sources */,
				AB02B1E8274E8C63004C7616 /* Frameworks */,
				AB02B1E9274E8C63004C7616 /* Resources */,
			);
			buildRules = (
			);
			dependencies = (
			);
			name = CIB_Absa;
			productName = CIB_Absa;
			productReference = AB02B1EB274E8C63004C7616 /* CIB_Absa.app */;
			productType = "com.apple.product-type.application";
		};
		AB02B200274E8C66004C7616 /* CIB_AbsaTests */ = {
			isa = PBXNativeTarget;
			buildConfigurationList = AB02B218274E8C66004C7616 /* Build configuration list for PBXNativeTarget "CIB_AbsaTests" */;
			buildPhases = (
				AB02B1FD274E8C66004C7616 /* Sources */,
				AB02B1FE274E8C66004C7616 /* Frameworks */,
				AB02B1FF274E8C66004C7616 /* Resources */,
			);
			buildRules = (
			);
			dependencies = (
				AB02B203274E8C66004C7616 /* PBXTargetDependency */,
			);
			name = CIB_AbsaTests;
			productName = CIB_AbsaTests;
			productReference = AB02B201274E8C66004C7616 /* CIB_AbsaTests.xctest */;
			productType = "com.apple.product-type.bundle.unit-test";
		};
		AB02B20A274E8C66004C7616 /* CIB_AbsaUITests */ = {
			isa = PBXNativeTarget;
			buildConfigurationList = AB02B21B274E8C66004C7616 /* Build configuration list for PBXNativeTarget "CIB_AbsaUITests" */;
			buildPhases = (
				AB02B207274E8C66004C7616 /* Sources */,
				AB02B208274E8C66004C7616 /* Frameworks */,
				AB02B209274E8C66004C7616 /* Resources */,
			);
			buildRules = (
			);
			dependencies = (
				AB02B20D274E8C66004C7616 /* PBXTargetDependency */,
			);
			name = CIB_AbsaUITests;
			productName = CIB_AbsaUITests;
			productReference = AB02B20B274E8C66004C7616 /* CIB_AbsaUITests.xctest */;
			productType = "com.apple.product-type.bundle.ui-testing";
		};
/* End PBXNativeTarget section */

/* Begin PBXProject section */
		AB02B1E3274E8C63004C7616 /* Project object */ = {
			isa = PBXProject;
			attributes = {
				BuildIndependentTargetsInParallel = 1;
				LastSwiftUpdateCheck = 1310;
				LastUpgradeCheck = 1310;
				TargetAttributes = {
					AB02B1EA274E8C63004C7616 = {
						CreatedOnToolsVersion = 13.1;
					};
					AB02B200274E8C66004C7616 = {
						CreatedOnToolsVersion = 13.1;
						TestTargetID = AB02B1EA274E8C63004C7616;
					};
					AB02B20A274E8C66004C7616 = {
						CreatedOnToolsVersion = 13.1;
						TestTargetID = AB02B1EA274E8C63004C7616;
					};
				};
			};
			buildConfigurationList = AB02B1E6274E8C63004C7616 /* Build configuration list for PBXProject "CIB_Absa" */;
			compatibilityVersion = "Xcode 13.0";
			developmentRegion = en;
			hasScannedForEncodings = 0;
			knownRegions = (
				en,
				Base,
			);
			mainGroup = AB02B1E2274E8C63004C7616;
			productRefGroup = AB02B1EC274E8C63004C7616 /* Products */;
			projectDirPath = "";
			projectRoot = "";
			targets = (
				AB02B1EA274E8C63004C7616 /* CIB_Absa */,
				AB02B200274E8C66004C7616 /* CIB_AbsaTests */,
				AB02B20A274E8C66004C7616 /* CIB_AbsaUITests */,
			);
		};
/* End PBXProject section */

/* Begin PBXResourcesBuildPhase section */
		AB02B1E9274E8C63004C7616 /* Resources */ = {
			isa = PBXResourcesBuildPhase;
			buildActionMask = 2147483647;
			files = (
				AB02B1FB274E8C66004C7616 /* LaunchScreen.storyboard in Resources */,
				AB0A87D2274E966100D55397 /* Localizable.strings in Resources */,
				AB02B1F8274E8C66004C7616 /* Assets.xcassets in Resources */,
				AB02B1F6274E8C63004C7616 /* Main.storyboard in Resources */,
			);
			runOnlyForDeploymentPostprocessing = 0;
		};
		AB02B1FF274E8C66004C7616 /* Resources */ = {
			isa = PBXResourcesBuildPhase;
			buildActionMask = 2147483647;
			files = (
				AB0A87E8274FAD5300D55397 /* currentWeatherStub.json in Resources */,
				AB0A87E5274FACB400D55397 /* weeklyDataStub.json in Resources */,
			);
			runOnlyForDeploymentPostprocessing = 0;
		};
		AB02B209274E8C66004C7616 /* Resources */ = {
			isa = PBXResourcesBuildPhase;
			buildActionMask = 2147483647;
			files = (
			);
			runOnlyForDeploymentPostprocessing = 0;
		};
/* End PBXResourcesBuildPhase section */

/* Begin PBXSourcesBuildPhase section */
		AB02B1E7274E8C63004C7616 /* Sources */ = {
			isa = PBXSourcesBuildPhase;
			buildActionMask = 2147483647;
			files = (
				AB0A87C3274E955E00D55397 /* Configurations.swift in Sources */,
				AB0A87BC274E931800D55397 /* WeatherCoordinator.swift in Sources */,
				AB0A87E0274F5EDC00D55397 /* JailBreakCheck.swift in Sources */,
				AB0A87BA274E92F800D55397 /* AppCoordinator.swift in Sources */,
				AB0A87D7274E96B100D55397 /* Services.swift in Sources */,
				AB0A87CB274E95DA00D55397 /* WeatherResponseModel.swift in Sources */,
				AB02B1EF274E8C63004C7616 /* AppDelegate.swift in Sources */,
				AB0A87C7274E95A100D55397 /* WeatherViewModel.swift in Sources */,
				AB0A87BF274E938A00D55397 /* MainWeatherScene.swift in Sources */,
				AB02B1F1274E8C63004C7616 /* SceneDelegate.swift in Sources */,
				AB0A87D5274E969900D55397 /* APIClient.swift in Sources */,
				AB0A87C9274E95C700D55397 /* CoordinatesModel.swift in Sources */,
				AB0A87DA274EAAF300D55397 /* WeeklyTableCell.swift in Sources */,
				AB0A87CF274E960B00D55397 /* WeeklyWeatherView.swift in Sources */,
				AB0A87F6274FDC3B00D55397 /* Extensions.swift in Sources */,
				AB0A87CD274E95FE00D55397 /* DayWeatherView.swift in Sources */,
				AB0A87DE274EBF7300D55397 /* WeatherDetailsView.swift in Sources */,
			);
			runOnlyForDeploymentPostprocessing = 0;
		};
		AB02B1FD274E8C66004C7616 /* Sources */ = {
			isa = PBXSourcesBuildPhase;
			buildActionMask = 2147483647;
			files = (
				AB0A87E3274FAC5300D55397 /* XCTestCase.swift in Sources */,
				AB0A87F0274FC9C200D55397 /* APIClientMock.swift in Sources */,
				AB0A87ED274FC40F00D55397 /* WeeklyWeatherTests.swift in Sources */,
				AB0A87F2274FCE1400D55397 /* APIClientTests.swift in Sources */,
				AB0A87EB274FADD900D55397 /* CurrentWeatherTests.swift in Sources */,
				AB0A87F4274FD73100D55397 /* JailBreakTests.swift in Sources */,
			);
			runOnlyForDeploymentPostprocessing = 0;
		};
		AB02B207274E8C66004C7616 /* Sources */ = {
			isa = PBXSourcesBuildPhase;
			buildActionMask = 2147483647;
			files = (
				AB02B212274E8C66004C7616 /* CIB_AbsaUITestsLaunchTests.swift in Sources */,
				AB02B210274E8C66004C7616 /* CIB_AbsaUITests.swift in Sources */,
			);
			runOnlyForDeploymentPostprocessing = 0;
		};
/* End PBXSourcesBuildPhase section */

/* Begin PBXTargetDependency section */
		AB02B203274E8C66004C7616 /* PBXTargetDependency */ = {
			isa = PBXTargetDependency;
			target = AB02B1EA274E8C63004C7616 /* CIB_Absa */;
			targetProxy = AB02B202274E8C66004C7616 /* PBXContainerItemProxy */;
		};
		AB02B20D274E8C66004C7616 /* PBXTargetDependency */ = {
			isa = PBXTargetDependency;
			target = AB02B1EA274E8C63004C7616 /* CIB_Absa */;
			targetProxy = AB02B20C274E8C66004C7616 /* PBXContainerItemProxy */;
		};
/* End PBXTargetDependency section */

/* Begin PBXVariantGroup section */
		AB02B1F4274E8C63004C7616 /* Main.storyboard */ = {
			isa = PBXVariantGroup;
			children = (
				AB02B1F5274E8C63004C7616 /* Base */,
			);
			name = Main.storyboard;
			sourceTree = "<group>";
		};
		AB02B1F9274E8C66004C7616 /* LaunchScreen.storyboard */ = {
			isa = PBXVariantGroup;
			children = (
				AB02B1FA274E8C66004C7616 /* Base */,
			);
			name = LaunchScreen.storyboard;
			sourceTree = "<group>";
		};
/* End PBXVariantGroup section */

/* Begin XCBuildConfiguration section */
		AB02B213274E8C66004C7616 /* Debug */ = {
			isa = XCBuildConfiguration;
			buildSettings = {
				ALWAYS_SEARCH_USER_PATHS = NO;
				CLANG_ANALYZER_NONNULL = YES;
				CLANG_ANALYZER_NUMBER_OBJECT_CONVERSION = YES_AGGRESSIVE;
				CLANG_CXX_LANGUAGE_STANDARD = "gnu++17";
				CLANG_CXX_LIBRARY = "libc++";
				CLANG_ENABLE_MODULES = YES;
				CLANG_ENABLE_OBJC_ARC = YES;
				CLANG_ENABLE_OBJC_WEAK = YES;
				CLANG_WARN_BLOCK_CAPTURE_AUTORELEASING = YES;
				CLANG_WARN_BOOL_CONVERSION = YES;
				CLANG_WARN_COMMA = YES;
				CLANG_WARN_CONSTANT_CONVERSION = YES;
				CLANG_WARN_DEPRECATED_OBJC_IMPLEMENTATIONS = YES;
				CLANG_WARN_DIRECT_OBJC_ISA_USAGE = YES_ERROR;
				CLANG_WARN_DOCUMENTATION_COMMENTS = YES;
				CLANG_WARN_EMPTY_BODY = YES;
				CLANG_WARN_ENUM_CONVERSION = YES;
				CLANG_WARN_INFINITE_RECURSION = YES;
				CLANG_WARN_INT_CONVERSION = YES;
				CLANG_WARN_NON_LITERAL_NULL_CONVERSION = YES;
				CLANG_WARN_OBJC_IMPLICIT_RETAIN_SELF = YES;
				CLANG_WARN_OBJC_LITERAL_CONVERSION = YES;
				CLANG_WARN_OBJC_ROOT_CLASS = YES_ERROR;
				CLANG_WARN_QUOTED_INCLUDE_IN_FRAMEWORK_HEADER = YES;
				CLANG_WARN_RANGE_LOOP_ANALYSIS = YES;
				CLANG_WARN_STRICT_PROTOTYPES = YES;
				CLANG_WARN_SUSPICIOUS_MOVE = YES;
				CLANG_WARN_UNGUARDED_AVAILABILITY = YES_AGGRESSIVE;
				CLANG_WARN_UNREACHABLE_CODE = YES;
				CLANG_WARN__DUPLICATE_METHOD_MATCH = YES;
				COPY_PHASE_STRIP = NO;
				DEBUG_INFORMATION_FORMAT = dwarf;
				ENABLE_STRICT_OBJC_MSGSEND = YES;
				ENABLE_TESTABILITY = YES;
				GCC_C_LANGUAGE_STANDARD = gnu11;
				GCC_DYNAMIC_NO_PIC = NO;
				GCC_NO_COMMON_BLOCKS = YES;
				GCC_OPTIMIZATION_LEVEL = 0;
				GCC_PREPROCESSOR_DEFINITIONS = (
					"DEBUG=1",
					"$(inherited)",
				);
				GCC_WARN_64_TO_32_BIT_CONVERSION = YES;
				GCC_WARN_ABOUT_RETURN_TYPE = YES_ERROR;
				GCC_WARN_UNDECLARED_SELECTOR = YES;
				GCC_WARN_UNINITIALIZED_AUTOS = YES_AGGRESSIVE;
				GCC_WARN_UNUSED_FUNCTION = YES;
				GCC_WARN_UNUSED_VARIABLE = YES;
				IPHONEOS_DEPLOYMENT_TARGET = 15.0;
				MTL_ENABLE_DEBUG_INFO = INCLUDE_SOURCE;
				MTL_FAST_MATH = YES;
				ONLY_ACTIVE_ARCH = YES;
				SDKROOT = iphoneos;
				SWIFT_ACTIVE_COMPILATION_CONDITIONS = DEBUG;
				SWIFT_OPTIMIZATION_LEVEL = "-Onone";
			};
			name = Debug;
		};
		AB02B214274E8C66004C7616 /* Release */ = {
			isa = XCBuildConfiguration;
			buildSettings = {
				ALWAYS_SEARCH_USER_PATHS = NO;
				CLANG_ANALYZER_NONNULL = YES;
				CLANG_ANALYZER_NUMBER_OBJECT_CONVERSION = YES_AGGRESSIVE;
				CLANG_CXX_LANGUAGE_STANDARD = "gnu++17";
				CLANG_CXX_LIBRARY = "libc++";
				CLANG_ENABLE_MODULES = YES;
				CLANG_ENABLE_OBJC_ARC = YES;
				CLANG_ENABLE_OBJC_WEAK = YES;
				CLANG_WARN_BLOCK_CAPTURE_AUTORELEASING = YES;
				CLANG_WARN_BOOL_CONVERSION = YES;
				CLANG_WARN_COMMA = YES;
				CLANG_WARN_CONSTANT_CONVERSION = YES;
				CLANG_WARN_DEPRECATED_OBJC_IMPLEMENTATIONS = YES;
				CLANG_WARN_DIRECT_OBJC_ISA_USAGE = YES_ERROR;
				CLANG_WARN_DOCUMENTATION_COMMENTS = YES;
				CLANG_WARN_EMPTY_BODY = YES;
				CLANG_WARN_ENUM_CONVERSION = YES;
				CLANG_WARN_INFINITE_RECURSION = YES;
				CLANG_WARN_INT_CONVERSION = YES;
				CLANG_WARN_NON_LITERAL_NULL_CONVERSION = YES;
				CLANG_WARN_OBJC_IMPLICIT_RETAIN_SELF = YES;
				CLANG_WARN_OBJC_LITERAL_CONVERSION = YES;
				CLANG_WARN_OBJC_ROOT_CLASS = YES_ERROR;
				CLANG_WARN_QUOTED_INCLUDE_IN_FRAMEWORK_HEADER = YES;
				CLANG_WARN_RANGE_LOOP_ANALYSIS = YES;
				CLANG_WARN_STRICT_PROTOTYPES = YES;
				CLANG_WARN_SUSPICIOUS_MOVE = YES;
				CLANG_WARN_UNGUARDED_AVAILABILITY = YES_AGGRESSIVE;
				CLANG_WARN_UNREACHABLE_CODE = YES;
				CLANG_WARN__DUPLICATE_METHOD_MATCH = YES;
				COPY_PHASE_STRIP = NO;
				DEBUG_INFORMATION_FORMAT = "dwarf-with-dsym";
				ENABLE_NS_ASSERTIONS = NO;
				ENABLE_STRICT_OBJC_MSGSEND = YES;
				GCC_C_LANGUAGE_STANDARD = gnu11;
				GCC_NO_COMMON_BLOCKS = YES;
				GCC_WARN_64_TO_32_BIT_CONVERSION = YES;
				GCC_WARN_ABOUT_RETURN_TYPE = YES_ERROR;
				GCC_WARN_UNDECLARED_SELECTOR = YES;
				GCC_WARN_UNINITIALIZED_AUTOS = YES_AGGRESSIVE;
				GCC_WARN_UNUSED_FUNCTION = YES;
				GCC_WARN_UNUSED_VARIABLE = YES;
				IPHONEOS_DEPLOYMENT_TARGET = 15.0;
				MTL_ENABLE_DEBUG_INFO = NO;
				MTL_FAST_MATH = YES;
				SDKROOT = iphoneos;
				SWIFT_COMPILATION_MODE = wholemodule;
				SWIFT_OPTIMIZATION_LEVEL = "-O";
				VALIDATE_PRODUCT = YES;
			};
			name = Release;
		};
		AB02B216274E8C66004C7616 /* Debug */ = {
			isa = XCBuildConfiguration;
			buildSettings = {
				ASSETCATALOG_COMPILER_APPICON_NAME = AppIcon;
				ASSETCATALOG_COMPILER_GLOBAL_ACCENT_COLOR_NAME = AccentColor;
				CODE_SIGN_STYLE = Automatic;
				CURRENT_PROJECT_VERSION = 1;
				DEVELOPMENT_TEAM = 54NSLC8KA5;
				GENERATE_INFOPLIST_FILE = YES;
				INFOPLIST_FILE = CIB_Absa/Info.plist;
				INFOPLIST_KEY_NSLocationAlwaysAndWhenInUseUsageDescription = "Your location is required to retrieve weather information in your current location ";
				INFOPLIST_KEY_NSLocationAlwaysUsageDescription = "Your location is required to retrieve weather information in your current location ";
				INFOPLIST_KEY_NSLocationWhenInUseUsageDescription = "Your location is required to retrieve weather information in your current location ";
				INFOPLIST_KEY_UIApplicationSupportsIndirectInputEvents = YES;
				INFOPLIST_KEY_UILaunchStoryboardName = LaunchScreen;
				INFOPLIST_KEY_UIMainStoryboardFile = Main;
				INFOPLIST_KEY_UISupportedInterfaceOrientations = UIInterfaceOrientationPortrait;
				INFOPLIST_KEY_UISupportedInterfaceOrientations_iPad = "UIInterfaceOrientationPortrait UIInterfaceOrientationPortraitUpsideDown UIInterfaceOrientationLandscapeLeft UIInterfaceOrientationLandscapeRight";
				INFOPLIST_KEY_UISupportedInterfaceOrientations_iPhone = "UIInterfaceOrientationPortrait UIInterfaceOrientationLandscapeLeft UIInterfaceOrientationLandscapeRight";
				IPHONEOS_DEPLOYMENT_TARGET = 13.0;
				LD_RUNPATH_SEARCH_PATHS = (
					"$(inherited)",
					"@executable_path/Frameworks",
				);
				MARKETING_VERSION = 1.0;
				PRODUCT_BUNDLE_IDENTIFIER = "com.morrismwangi.CIB-Absa";
				PRODUCT_NAME = "$(TARGET_NAME)";
				SWIFT_EMIT_LOC_STRINGS = YES;
				SWIFT_VERSION = 5.0;
				TARGETED_DEVICE_FAMILY = "1,2";
			};
			name = Debug;
		};
		AB02B217274E8C66004C7616 /* Release */ = {
			isa = XCBuildConfiguration;
			buildSettings = {
				ASSETCATALOG_COMPILER_APPICON_NAME = AppIcon;
				ASSETCATALOG_COMPILER_GLOBAL_ACCENT_COLOR_NAME = AccentColor;
				CODE_SIGN_STYLE = Automatic;
				CURRENT_PROJECT_VERSION = 1;
				DEVELOPMENT_TEAM = 54NSLC8KA5;
				GENERATE_INFOPLIST_FILE = YES;
				INFOPLIST_FILE = CIB_Absa/Info.plist;
				INFOPLIST_KEY_NSLocationAlwaysAndWhenInUseUsageDescription = "Your location is required to retrieve weather information in your current location ";
				INFOPLIST_KEY_NSLocationAlwaysUsageDescription = "Your location is required to retrieve weather information in your current location ";
				INFOPLIST_KEY_NSLocationWhenInUseUsageDescription = "Your location is required to retrieve weather information in your current location ";
				INFOPLIST_KEY_UIApplicationSupportsIndirectInputEvents = YES;
				INFOPLIST_KEY_UILaunchStoryboardName = LaunchScreen;
				INFOPLIST_KEY_UIMainStoryboardFile = Main;
				INFOPLIST_KEY_UISupportedInterfaceOrientations = UIInterfaceOrientationPortrait;
				INFOPLIST_KEY_UISupportedInterfaceOrientations_iPad = "UIInterfaceOrientationPortrait UIInterfaceOrientationPortraitUpsideDown UIInterfaceOrientationLandscapeLeft UIInterfaceOrientationLandscapeRight";
				INFOPLIST_KEY_UISupportedInterfaceOrientations_iPhone = "UIInterfaceOrientationPortrait UIInterfaceOrientationLandscapeLeft UIInterfaceOrientationLandscapeRight";
				IPHONEOS_DEPLOYMENT_TARGET = 13.0;
				LD_RUNPATH_SEARCH_PATHS = (
					"$(inherited)",
					"@executable_path/Frameworks",
				);
				MARKETING_VERSION = 1.0;
				PRODUCT_BUNDLE_IDENTIFIER = "com.morrismwangi.CIB-Absa";
				PRODUCT_NAME = "$(TARGET_NAME)";
				SWIFT_EMIT_LOC_STRINGS = YES;
				SWIFT_VERSION = 5.0;
				TARGETED_DEVICE_FAMILY = "1,2";
			};
			name = Release;
		};
		AB02B219274E8C66004C7616 /* Debug */ = {
			isa = XCBuildConfiguration;
			buildSettings = {
				ALWAYS_EMBED_SWIFT_STANDARD_LIBRARIES = YES;
				BUNDLE_LOADER = "$(TEST_HOST)";
				CODE_SIGN_STYLE = Automatic;
				CURRENT_PROJECT_VERSION = 1;
				DEVELOPMENT_TEAM = 54NSLC8KA5;
				GENERATE_INFOPLIST_FILE = YES;
				IPHONEOS_DEPLOYMENT_TARGET = 15.0;
				LD_RUNPATH_SEARCH_PATHS = (
					"$(inherited)",
					"@executable_path/Frameworks",
					"@loader_path/Frameworks",
				);
				MARKETING_VERSION = 1.0;
				PRODUCT_BUNDLE_IDENTIFIER = "com.morrismwangi.CIB-AbsaTests";
				PRODUCT_NAME = "$(TARGET_NAME)";
				SWIFT_EMIT_LOC_STRINGS = NO;
				SWIFT_VERSION = 5.0;
				TARGETED_DEVICE_FAMILY = "1,2";
				TEST_HOST = "$(BUILT_PRODUCTS_DIR)/CIB_Absa.app/CIB_Absa";
			};
			name = Debug;
		};
		AB02B21A274E8C66004C7616 /* Release */ = {
			isa = XCBuildConfiguration;
			buildSettings = {
				ALWAYS_EMBED_SWIFT_STANDARD_LIBRARIES = YES;
				BUNDLE_LOADER = "$(TEST_HOST)";
				CODE_SIGN_STYLE = Automatic;
				CURRENT_PROJECT_VERSION = 1;
				DEVELOPMENT_TEAM = 54NSLC8KA5;
				GENERATE_INFOPLIST_FILE = YES;
				IPHONEOS_DEPLOYMENT_TARGET = 15.0;
				LD_RUNPATH_SEARCH_PATHS = (
					"$(inherited)",
					"@executable_path/Frameworks",
					"@loader_path/Frameworks",
				);
				MARKETING_VERSION = 1.0;
				PRODUCT_BUNDLE_IDENTIFIER = "com.morrismwangi.CIB-AbsaTests";
				PRODUCT_NAME = "$(TARGET_NAME)";
				SWIFT_EMIT_LOC_STRINGS = NO;
				SWIFT_VERSION = 5.0;
				TARGETED_DEVICE_FAMILY = "1,2";
				TEST_HOST = "$(BUILT_PRODUCTS_DIR)/CIB_Absa.app/CIB_Absa";
			};
			name = Release;
		};
		AB02B21C274E8C66004C7616 /* Debug */ = {
			isa = XCBuildConfiguration;
			buildSettings = {
				ALWAYS_EMBED_SWIFT_STANDARD_LIBRARIES = YES;
				CODE_SIGN_STYLE = Automatic;
				CURRENT_PROJECT_VERSION = 1;
				DEVELOPMENT_TEAM = 54NSLC8KA5;
				GENERATE_INFOPLIST_FILE = YES;
				LD_RUNPATH_SEARCH_PATHS = (
					"$(inherited)",
					"@executable_path/Frameworks",
					"@loader_path/Frameworks",
				);
				MARKETING_VERSION = 1.0;
				PRODUCT_BUNDLE_IDENTIFIER = "com.morrismwangi.CIB-AbsaUITests";
				PRODUCT_NAME = "$(TARGET_NAME)";
				SWIFT_EMIT_LOC_STRINGS = NO;
				SWIFT_VERSION = 5.0;
				TARGETED_DEVICE_FAMILY = "1,2";
				TEST_TARGET_NAME = CIB_Absa;
			};
			name = Debug;
		};
		AB02B21D274E8C66004C7616 /* Release */ = {
			isa = XCBuildConfiguration;
			buildSettings = {
				ALWAYS_EMBED_SWIFT_STANDARD_LIBRARIES = YES;
				CODE_SIGN_STYLE = Automatic;
				CURRENT_PROJECT_VERSION = 1;
				DEVELOPMENT_TEAM = 54NSLC8KA5;
				GENERATE_INFOPLIST_FILE = YES;
				LD_RUNPATH_SEARCH_PATHS = (
					"$(inherited)",
					"@executable_path/Frameworks",
					"@loader_path/Frameworks",
				);
				MARKETING_VERSION = 1.0;
				PRODUCT_BUNDLE_IDENTIFIER = "com.morrismwangi.CIB-AbsaUITests";
				PRODUCT_NAME = "$(TARGET_NAME)";
				SWIFT_EMIT_LOC_STRINGS = NO;
				SWIFT_VERSION = 5.0;
				TARGETED_DEVICE_FAMILY = "1,2";
				TEST_TARGET_NAME = CIB_Absa;
			};
			name = Release;
		};
/* End XCBuildConfiguration section */

/* Begin XCConfigurationList section */
		AB02B1E6274E8C63004C7616 /* Build configuration list for PBXProject "CIB_Absa" */ = {
			isa = XCConfigurationList;
			buildConfigurations = (
				AB02B213274E8C66004C7616 /* Debug */,
				AB02B214274E8C66004C7616 /* Release */,
			);
			defaultConfigurationIsVisible = 0;
			defaultConfigurationName = Release;
		};
		AB02B215274E8C66004C7616 /* Build configuration list for PBXNativeTarget "CIB_Absa" */ = {
			isa = XCConfigurationList;
			buildConfigurations = (
				AB02B216274E8C66004C7616 /* Debug */,
				AB02B217274E8C66004C7616 /* Release */,
			);
			defaultConfigurationIsVisible = 0;
			defaultConfigurationName = Release;
		};
		AB02B218274E8C66004C7616 /* Build configuration list for PBXNativeTarget "CIB_AbsaTests" */ = {
			isa = XCConfigurationList;
			buildConfigurations = (
				AB02B219274E8C66004C7616 /* Debug */,
				AB02B21A274E8C66004C7616 /* Release */,
			);
			defaultConfigurationIsVisible = 0;
			defaultConfigurationName = Release;
		};
		AB02B21B274E8C66004C7616 /* Build configuration list for PBXNativeTarget "CIB_AbsaUITests" */ = {
			isa = XCConfigurationList;
			buildConfigurations = (
				AB02B21C274E8C66004C7616 /* Debug */,
				AB02B21D274E8C66004C7616 /* Release */,
			);
			defaultConfigurationIsVisible = 0;
			defaultConfigurationName = Release;
		};
/* End XCConfigurationList section */
	};
	rootObject = AB02B1E3274E8C63004C7616 /* Project object */;
}
