// !$*UTF8*$!
{
	archiveVersion = 1;
	classes = {
	};
	objectVersion = 55;
	objects = {

/* Begin PBXBuildFile section */
		AB02B1EF274E8C63004C7616 /* AppDelegate.swift in Sources */ = {isa = PBXBuildFile; fileRef = AB02B1EE274E8C63004C7616 /* AppDelegate.swift */; };
		AB02B1F1274E8C63004C7616 /* SceneDelegate.swift in Sources */ = {isa = PBXBuildFile; fileRef = AB02B1F0274E8C63004C7616 /* SceneDelegate.swift */; };
		AB02B1F3274E8C63004C7616 /* ViewController.swift in Sources */ = {isa = PBXBuildFile; fileRef = AB02B1F2274E8C63004C7616 /* ViewController.swift */; };
		AB02B1F6274E8C63004C7616 /* Main.storyboard in Resources */ = {isa = PBXBuildFile; fileRef = AB02B1F4274E8C63004C7616 /* Main.storyboard */; };
		AB02B1F8274E8C66004C7616 /* Assets.xcassets in Resources */ = {isa = PBXBuildFile; fileRef = AB02B1F7274E8C66004C7616 /* Assets.xcassets */; };
		AB02B1FB274E8C66004C7616 /* LaunchScreen.storyboard in Resources */ = {isa = PBXBuildFile; fileRef = AB02B1F9274E8C66004C7616 /* LaunchScreen.storyboard */; };
		AB02B206274E8C66004C7616 /* CIB_AbsaTests.swift in Sources */ = {isa = PBXBuildFile; fileRef = AB02B205274E8C66004C7616 /* CIB_AbsaTests.swift */; };
		AB02B210274E8C66004C7616 /* CIB_AbsaUITests.swift in Sources */ = {isa = PBXBuildFile; fileRef = AB02B20F274E8C66004C7616 /* CIB_AbsaUITests.swift */; };
		AB02B212274E8C66004C7616 /* CIB_AbsaUITestsLaunchTests.swift in Sources */ = {isa = PBXBuildFile; fileRef = AB02B211274E8C66004C7616 /* CIB_AbsaUITestsLaunchTests.swift */; };
/* End PBXBuildFile section */

/* Begin PBXContainerItemProxy section */
		AB02B202274E8C66004C7616 /* PBXContainerItemProxy */ = {
			isa = PBXContainerItemProxy;
			containerPortal = AB02B1E3274E8C63004C7616 /* Project object */;
			proxyType = 1;
			remoteGlobalIDString = AB02B1EA274E8C63004C7616;
			remoteInfo = CIB_Absa;
		};
		AB02B20C274E8C66004C7616 /* PBXContainerItemProxy */ = {
			isa = PBXContainerItemProxy;
			containerPortal = AB02B1E3274E8C63004C7616 /* Project object */;
			proxyType = 1;
			remoteGlobalIDString = AB02B1EA274E8C63004C7616;
			remoteInfo = CIB_Absa;
		};
/* End PBXContainerItemProxy section */

/* Begin PBXFileReference section */
		AB02B1EB274E8C63004C7616 /* CIB_Absa.app */ = {isa = PBXFileReference; explicitFileType = wrapper.application; includeInIndex = 0; path = CIB_Absa.app; sourceTree = BUILT_PRODUCTS_DIR; };
		AB02B1EE274E8C63004C7616 /* AppDelegate.swift */ = {isa = PBXFileReference; lastKnownFileType = sourcecode.swift; path = AppDelegate.swift; sourceTree = "<group>"; };
		AB02B1F0274E8C63004C7616 /* SceneDelegate.swift */ = {isa = PBXFileReference; lastKnownFileType = sourcecode.swift; path = SceneDelegate.swift; sourceTree = "<group>"; };
		AB02B1F2274E8C63004C7616 /* ViewController.swift */ = {isa = PBXFileReference; lastKnownFileType = sourcecode.swift; path = ViewController.swift; sourceTree = "<group>"; };
		AB02B1F5274E8C63004C7616 /* Base */ = {isa = PBXFileReference; lastKnownFileType = file.storyboard; name = Base; path = Base.lproj/Main.storyboard; sourceTree = "<group>"; };
		AB02B1F7274E8C66004C7616 /* Assets.xcassets */ = {isa = PBXFileReference; lastKnownFileType = folder.assetcatalog; path = Assets.xcassets; sourceTree = "<group>"; };
		AB02B1FA274E8C66004C7616 /* Base */ = {isa = PBXFileReference; lastKnownFileType = file.storyboard; name = Base; path = Base.lproj/LaunchScreen.storyboard; sourceTree = "<group>"; };
		AB02B1FC274E8C66004C7616 /* Info.plist */ = {isa = PBXFileReference; lastKnownFileType = text.plist.xml; path = Info.plist; sourceTree = "<group>"; };
		AB02B201274E8C66004C7616 /* CIB_AbsaTests.xctest */ = {isa = PBXFileReference; explicitFileType = wrapper.cfbundle; includeInIndex = 0; path = CIB_AbsaTests.xctest; sourceTree = BUILT_PRODUCTS_DIR; };
		AB02B205274E8C66004C7616 /* CIB_AbsaTests.swift */ = {isa = PBXFileReference; lastKnownFileType = sourcecode.swift; path = CIB_AbsaTests.swift; sourceTree = "<group>"; };
		AB02B20B274E8C66004C7616 /* CIB_AbsaUITests.xctest */ = {isa = PBXFileReference; explicitFileType = wrapper.cfbundle; includeInIndex = 0; path = CIB_AbsaUITests.xctest; sourceTree = BUILT_PRODUCTS_DIR; };
		AB02B20F274E8C66004C7616 /* CIB_AbsaUITests.swift */ = {isa = PBXFileReference; lastKnownFileType = sourcecode.swift; path = CIB_AbsaUITests.swift; sourceTree = "<group>"; };
		AB02B211274E8C66004C7616 /* CIB_AbsaUITestsLaunchTests.swift */ = {isa = PBXFileReference; lastKnownFileType = sourcecode.swift; path = CIB_AbsaUITestsLaunchTests.swift; sourceTree = "<group>"; };
/* End PBXFileReference section */

/* Begin PBXFrameworksBuildPhase section */
		AB02B1E8274E8C63004C7616 /* Frameworks */ = {
			isa = PBXFrameworksBuildPhase;
			buildActionMask = 2147483647;
			files = (
			);
			runOnlyForDeploymentPostprocessing = 0;
		};
		AB02B1FE274E8C66004C7616 /* Frameworks */ = {
			isa = PBXFrameworksBuildPhase;
			buildActionMask = 2147483647;
			files = (
			);
			runOnlyForDeploymentPostprocessing = 0;
		};
		AB02B208274E8C66004C7616 /* Frameworks */ = {
			isa = PBXFrameworksBuildPhase;
			buildActionMask = 2147483647;
			files = (
			);
			runOnlyForDeploymentPostprocessing = 0;
		};
/* End PBXFrameworksBuildPhase section */

/* Begin PBXGroup section */
		AB02B1E2274E8C63004C7616 = {
			isa = PBXGroup;
			children = (
				AB02B1ED274E8C63004C7616 /* CIB_Absa */,
				AB02B204274E8C66004C7616 /* CIB_AbsaTests */,
				AB02B20E274E8C66004C7616 /* CIB_AbsaUITests */,
				AB02B1EC274E8C63004C7616 /* Products */,
			);
			sourceTree = "<group>";
		};
		AB02B1EC274E8C63004C7616 /* Products */ = {
			isa = PBXGroup;
			children = (
				AB02B1EB274E8C63004C7616 /* CIB_Absa.app */,
				AB02B201274E8C66004C7616 /* CIB_AbsaTests.xctest */,
				AB02B20B274E8C66004C7616 /* CIB_AbsaUITests.xctest */,
			);
			name = Products;
			sourceTree = "<group>";
		};
		AB02B1ED274E8C63004C7616 /* CIB_Absa */ = {
			isa = PBXGroup;
			children = (
				AB02B1EE274E8C63004C7616 /* AppDelegate.swift */,
				AB02B1F0274E8C63004C7616 /* SceneDelegate.swift */,
				AB02B1F2274E8C63004C7616 /* ViewController.swift */,
				AB02B1F4274E8C63004C7616 /* Main.storyboard */,
				AB02B1F7274E8C66004C7616 /* Assets.xcassets */,
				AB02B1F9274E8C66004C7616 /* LaunchScreen.storyboard */,
				AB02B1FC274E8C66004C7616 /* Info.plist */,
			);
			path = CIB_Absa;
			sourceTree = "<group>";
		};
		AB02B204274E8C66004C7616 /* CIB_AbsaTests */ = {
			isa = PBXGroup;
			children = (
				AB02B205274E8C66004C7616 /* CIB_AbsaTests.swift */,
			);
			path = CIB_AbsaTests;
			sourceTree = "<group>";
		};
		AB02B20E274E8C66004C7616 /* CIB_AbsaUITests */ = {
			isa = PBXGroup;
			children = (
				AB02B20F274E8C66004C7616 /* CIB_AbsaUITests.swift */,
				AB02B211274E8C66004C7616 /* CIB_AbsaUITestsLaunchTests.swift */,
			);
			path = CIB_AbsaUITests;
			sourceTree = "<group>";
		};
/* End PBXGroup section */

/* Begin PBXNativeTarget section */
		AB02B1EA274E8C63004C7616 /* CIB_Absa */ = {
			isa = PBXNativeTarget;
			buildConfigurationList = AB02B215274E8C66004C7616 /* Build configuration list for PBXNativeTarget "CIB_Absa" */;
			buildPhases = (
				AB02B1E7274E8C63004C7616 /* Sources */,
				AB02B1E8274E8C63004C7616 /* Frameworks */,
				AB02B1E9274E8C63004C7616 /* Resources */,
			);
			buildRules = (
			);
			dependencies = (
			);
			name = CIB_Absa;
			productName = CIB_Absa;
			productReference = AB02B1EB274E8C63004C7616 /* CIB_Absa.app */;
			productType = "com.apple.product-type.application";
		};
		AB02B200274E8C66004C7616 /* CIB_AbsaTests */ = {
			isa = PBXNativeTarget;
			buildConfigurationList = AB02B218274E8C66004C7616 /* Build configuration list for PBXNativeTarget "CIB_AbsaTests" */;
			buildPhases = (
				AB02B1FD274E8C66004C7616 /* Sources */,
				AB02B1FE274E8C66004C7616 /* Frameworks */,
				AB02B1FF274E8C66004C7616 /* Resources */,
			);
			buildRules = (
			);
			dependencies = (
				AB02B203274E8C66004C7616 /* PBXTargetDependency */,
			);
			name = CIB_AbsaTests;
			productName = CIB_AbsaTests;
			productReference = AB02B201274E8C66004C7616 /* CIB_AbsaTests.xctest */;
			productType = "com.apple.product-type.bundle.unit-test";
		};
		AB02B20A274E8C66004C7616 /* CIB_AbsaUITests */ = {
			isa = PBXNativeTarget;
			buildConfigurationList = AB02B21B274E8C66004C7616 /* Build configuration list for PBXNativeTarget "CIB_AbsaUITests" */;
			buildPhases = (
				AB02B207274E8C66004C7616 /* Sources */,
				AB02B208274E8C66004C7616 /* Frameworks */,
				AB02B209274E8C66004C7616 /* Resources */,
			);
			buildRules = (
			);
			dependencies = (
				AB02B20D274E8C66004C7616 /* PBXTargetDependency */,
			);
			name = CIB_AbsaUITests;
			productName = CIB_AbsaUITests;
			productReference = AB02B20B274E8C66004C7616 /* CIB_AbsaUITests.xctest */;
			productType = "com.apple.product-type.bundle.ui-testing";
		};
/* End PBXNativeTarget section */

/* Begin PBXProject section */
		AB02B1E3274E8C63004C7616 /* Project object */ = {
			isa = PBXProject;
			attributes = {
				BuildIndependentTargetsInParallel = 1;
				LastSwiftUpdateCheck = 1310;
				LastUpgradeCheck = 1310;
				TargetAttributes = {
					AB02B1EA274E8C63004C7616 = {
						CreatedOnToolsVersion = 13.1;
					};
					AB02B200274E8C66004C7616 = {
						CreatedOnToolsVersion = 13.1;
						TestTargetID = AB02B1EA274E8C63004C7616;
					};
					AB02B20A274E8C66004C7616 = {
						CreatedOnToolsVersion = 13.1;
						TestTargetID = AB02B1EA274E8C63004C7616;
					};
				};
			};
			buildConfigurationList = AB02B1E6274E8C63004C7616 /* Build configuration list for PBXProject "CIB_Absa" */;
			compatibilityVersion = "Xcode 13.0";
			developmentRegion = en;
			hasScannedForEncodings = 0;
			knownRegions = (
				en,
				Base,
			);
			mainGroup = AB02B1E2274E8C63004C7616;
			productRefGroup = AB02B1EC274E8C63004C7616 /* Products */;
			projectDirPath = "";
			projectRoot = "";
			targets = (
				AB02B1EA274E8C63004C7616 /* CIB_Absa */,
				AB02B200274E8C66004C7616 /* CIB_AbsaTests */,
				AB02B20A274E8C66004C7616 /* CIB_AbsaUITests */,
			);
		};
/* End PBXProject section */

/* Begin PBXResourcesBuildPhase section */
		AB02B1E9274E8C63004C7616 /* Resources */ = {
			isa = PBXResourcesBuildPhase;
			buildActionMask = 2147483647;
			files = (
				AB02B1FB274E8C66004C7616 /* LaunchScreen.storyboard in Resources */,
				AB02B1F8274E8C66004C7616 /* Assets.xcassets in Resources */,
				AB02B1F6274E8C63004C7616 /* Main.storyboard in Resources */,
			);
			runOnlyForDeploymentPostprocessing = 0;
		};
		AB02B1FF274E8C66004C7616 /* Resources */ = {
			isa = PBXResourcesBuildPhase;
			buildActionMask = 2147483647;
			files = (
			);
			runOnlyForDeploymentPostprocessing = 0;
		};
		AB02B209274E8C66004C7616 /* Resources */ = {
			isa = PBXResourcesBuildPhase;
			buildActionMask = 2147483647;
			files = (
			);
			runOnlyForDeploymentPostprocessing = 0;
		};
/* End PBXResourcesBuildPhase section */

/* Begin PBXSourcesBuildPhase section */
		AB02B1E7274E8C63004C7616 /* Sources */ = {
			isa = PBXSourcesBuildPhase;
			buildActionMask = 2147483647;
			files = (
				AB02B1F3274E8C63004C7616 /* ViewController.swift in Sources */,
				AB02B1EF274E8C63004C7616 /* AppDelegate.swift in Sources */,
				AB02B1F1274E8C63004C7616 /* SceneDelegate.swift in Sources */,
			);
			runOnlyForDeploymentPostprocessing = 0;
		};
		AB02B1FD274E8C66004C7616 /* Sources */ = {
			isa = PBXSourcesBuildPhase;
			buildActionMask = 2147483647;
			files = (
				AB02B206274E8C66004C7616 /* CIB_AbsaTests.swift in Sources */,
			);
			runOnlyForDeploymentPostprocessing = 0;
		};
		AB02B207274E8C66004C7616 /* Sources */ = {
			isa = PBXSourcesBuildPhase;
			buildActionMask = 2147483647;
			files = (
				AB02B212274E8C66004C7616 /* CIB_AbsaUITestsLaunchTests.swift in Sources */,
				AB02B210274E8C66004C7616 /* CIB_AbsaUITests.swift in Sources */,
			);
			runOnlyForDeploymentPostprocessing = 0;
		};
/* End PBXSourcesBuildPhase section */

/* Begin PBXTargetDependency section */
		AB02B203274E8C66004C7616 /* PBXTargetDependency */ = {
			isa = PBXTargetDependency;
			target = AB02B1EA274E8C63004C7616 /* CIB_Absa */;
			targetProxy = AB02B202274E8C66004C7616 /* PBXContainerItemProxy */;
		};
		AB02B20D274E8C66004C7616 /* PBXTargetDependency */ = {
			isa = PBXTargetDependency;
			target = AB02B1EA274E8C63004C7616 /* CIB_Absa */;
			targetProxy = AB02B20C274E8C66004C7616 /* PBXContainerItemProxy */;
		};
/* End PBXTargetDependency section */

/* Begin PBXVariantGroup section */
		AB02B1F4274E8C63004C7616 /* Main.storyboard */ = {
			isa = PBXVariantGroup;
			children = (
				AB02B1F5274E8C63004C7616 /* Base */,
			);
			name = Main.storyboard;
			sourceTree = "<group>";
		};
		AB02B1F9274E8C66004C7616 /* LaunchScreen.storyboard */ = {
			isa = PBXVariantGroup;
			children = (
				AB02B1FA274E8C66004C7616 /* Base */,
			);
			name = LaunchScreen.storyboard;
			sourceTree = "<group>";
		};
/* End PBXVariantGroup section */

/* Begin XCBuildConfiguration section */
		AB02B213274E8C66004C7616 /* Debug */ = {
			isa = XCBuildConfiguration;
			buildSettings = {
				ALWAYS_SEARCH_USER_PATHS = NO;
				CLANG_ANALYZER_NONNULL = YES;
				CLANG_ANALYZER_NUMBER_OBJECT_CONVERSION = YES_AGGRESSIVE;
				CLANG_CXX_LANGUAGE_STANDARD = "gnu++17";
				CLANG_CXX_LIBRARY = "libc++";
				CLANG_ENABLE_MODULES = YES;
				CLANG_ENABLE_OBJC_ARC = YES;
				CLANG_ENABLE_OBJC_WEAK = YES;
				CLANG_WARN_BLOCK_CAPTURE_AUTORELEASING = YES;
				CLANG_WARN_BOOL_CONVERSION = YES;
				CLANG_WARN_COMMA = YES;
				CLANG_WARN_CONSTANT_CONVERSION = YES;
				CLANG_WARN_DEPRECATED_OBJC_IMPLEMENTATIONS = YES;
				CLANG_WARN_DIRECT_OBJC_ISA_USAGE = YES_ERROR;
				CLANG_WARN_DOCUMENTATION_COMMENTS = YES;
				CLANG_WARN_EMPTY_BODY = YES;
				CLANG_WARN_ENUM_CONVERSION = YES;
				CLANG_WARN_INFINITE_RECURSION = YES;
				CLANG_WARN_INT_CONVERSION = YES;
				CLANG_WARN_NON_LITERAL_NULL_CONVERSION = YES;
				CLANG_WARN_OBJC_IMPLICIT_RETAIN_SELF = YES;
				CLANG_WARN_OBJC_LITERAL_CONVERSION = YES;
				CLANG_WARN_OBJC_ROOT_CLASS = YES_ERROR;
				CLANG_WARN_QUOTED_INCLUDE_IN_FRAMEWORK_HEADER = YES;
				CLANG_WARN_RANGE_LOOP_ANALYSIS = YES;
				CLANG_WARN_STRICT_PROTOTYPES = YES;
				CLANG_WARN_SUSPICIOUS_MOVE = YES;
				CLANG_WARN_UNGUARDED_AVAILABILITY = YES_AGGRESSIVE;
				CLANG_WARN_UNREACHABLE_CODE = YES;
				CLANG_WARN__DUPLICATE_METHOD_MATCH = YES;
				COPY_PHASE_STRIP = NO;
				DEBUG_INFORMATION_FORMAT = dwarf;
				ENABLE_STRICT_OBJC_MSGSEND = YES;
				ENABLE_TESTABILITY = YES;
				GCC_C_LANGUAGE_STANDARD = gnu11;
				GCC_DYNAMIC_NO_PIC = NO;
				GCC_NO_COMMON_BLOCKS = YES;
				GCC_OPTIMIZATION_LEVEL = 0;
				GCC_PREPROCESSOR_DEFINITIONS = (
					"DEBUG=1",
					"$(inherited)",
				);
				GCC_WARN_64_TO_32_BIT_CONVERSION = YES;
				GCC_WARN_ABOUT_RETURN_TYPE = YES_ERROR;
				GCC_WARN_UNDECLARED_SELECTOR = YES;
				GCC_WARN_UNINITIALIZED_AUTOS = YES_AGGRESSIVE;
				GCC_WARN_UNUSED_FUNCTION = YES;
				GCC_WARN_UNUSED_VARIABLE = YES;
				IPHONEOS_DEPLOYMENT_TARGET = 15.0;
				MTL_ENABLE_DEBUG_INFO = INCLUDE_SOURCE;
				MTL_FAST_MATH = YES;
				ONLY_ACTIVE_ARCH = YES;
				SDKROOT = iphoneos;
				SWIFT_ACTIVE_COMPILATION_CONDITIONS = DEBUG;
				SWIFT_OPTIMIZATION_LEVEL = "-Onone";
			};
			name = Debug;
		};
		AB02B214274E8C66004C7616 /* Release */ = {
			isa = XCBuildConfiguration;
			buildSettings = {
				ALWAYS_SEARCH_USER_PATHS = NO;
				CLANG_ANALYZER_NONNULL = YES;
				CLANG_ANALYZER_NUMBER_OBJECT_CONVERSION = YES_AGGRESSIVE;
				CLANG_CXX_LANGUAGE_STANDARD = "gnu++17";
				CLANG_CXX_LIBRARY = "libc++";
				CLANG_ENABLE_MODULES = YES;
				CLANG_ENABLE_OBJC_ARC = YES;
				CLANG_ENABLE_OBJC_WEAK = YES;
				CLANG_WARN_BLOCK_CAPTURE_AUTORELEASING = YES;
				CLANG_WARN_BOOL_CONVERSION = YES;
				CLANG_WARN_COMMA = YES;
				CLANG_WARN_CONSTANT_CONVERSION = YES;
				CLANG_WARN_DEPRECATED_OBJC_IMPLEMENTATIONS = YES;
				CLANG_WARN_DIRECT_OBJC_ISA_USAGE = YES_ERROR;
				CLANG_WARN_DOCUMENTATION_COMMENTS = YES;
				CLANG_WARN_EMPTY_BODY = YES;
				CLANG_WARN_ENUM_CONVERSION = YES;
				CLANG_WARN_INFINITE_RECURSION = YES;
				CLANG_WARN_INT_CONVERSION = YES;
				CLANG_WARN_NON_LITERAL_NULL_CONVERSION = YES;
				CLANG_WARN_OBJC_IMPLICIT_RETAIN_SELF = YES;
				CLANG_WARN_OBJC_LITERAL_CONVERSION = YES;
				CLANG_WARN_OBJC_ROOT_CLASS = YES_ERROR;
				CLANG_WARN_QUOTED_INCLUDE_IN_FRAMEWORK_HEADER = YES;
				CLANG_WARN_RANGE_LOOP_ANALYSIS = YES;
				CLANG_WARN_STRICT_PROTOTYPES = YES;
				CLANG_WARN_SUSPICIOUS_MOVE = YES;
				CLANG_WARN_UNGUARDED_AVAILABILITY = YES_AGGRESSIVE;
				CLANG_WARN_UNREACHABLE_CODE = YES;
				CLANG_WARN__DUPLICATE_METHOD_MATCH = YES;
				COPY_PHASE_STRIP = NO;
				DEBUG_INFORMATION_FORMAT = "dwarf-with-dsym";
				ENABLE_NS_ASSERTIONS = NO;
				ENABLE_STRICT_OBJC_MSGSEND = YES;
				GCC_C_LANGUAGE_STANDARD = gnu11;
				GCC_NO_COMMON_BLOCKS = YES;
				GCC_WARN_64_TO_32_BIT_CONVERSION = YES;
				GCC_WARN_ABOUT_RETURN_TYPE = YES_ERROR;
				GCC_WARN_UNDECLARED_SELECTOR = YES;
				GCC_WARN_UNINITIALIZED_AUTOS = YES_AGGRESSIVE;
				GCC_WARN_UNUSED_FUNCTION = YES;
				GCC_WARN_UNUSED_VARIABLE = YES;
				IPHONEOS_DEPLOYMENT_TARGET = 15.0;
				MTL_ENABLE_DEBUG_INFO = NO;
				MTL_FAST_MATH = YES;
				SDKROOT = iphoneos;
				SWIFT_COMPILATION_MODE = wholemodule;
				SWIFT_OPTIMIZATION_LEVEL = "-O";
				VALIDATE_PRODUCT = YES;
			};
			name = Release;
		};
		AB02B216274E8C66004C7616 /* Debug */ = {
			isa = XCBuildConfiguration;
			buildSettings = {
				ASSETCATALOG_COMPILER_APPICON_NAME = AppIcon;
				ASSETCATALOG_COMPILER_GLOBAL_ACCENT_COLOR_NAME = AccentColor;
				CODE_SIGN_STYLE = Automatic;
				CURRENT_PROJECT_VERSION = 1;
				DEVELOPMENT_TEAM = 54NSLC8KA5;
				GENERATE_INFOPLIST_FILE = YES;
				INFOPLIST_FILE = CIB_Absa/Info.plist;
				INFOPLIST_KEY_UIApplicationSupportsIndirectInputEvents = YES;
				INFOPLIST_KEY_UILaunchStoryboardName = LaunchScreen;
				INFOPLIST_KEY_UIMainStoryboardFile = Main;
				INFOPLIST_KEY_UISupportedInterfaceOrientations_iPad = "UIInterfaceOrientationPortrait UIInterfaceOrientationPortraitUpsideDown UIInterfaceOrientationLandscapeLeft UIInterfaceOrientationLandscapeRight";
				INFOPLIST_KEY_UISupportedInterfaceOrientations_iPhone = "UIInterfaceOrientationPortrait UIInterfaceOrientationLandscapeLeft UIInterfaceOrientationLandscapeRight";
				LD_RUNPATH_SEARCH_PATHS = (
					"$(inherited)",
					"@executable_path/Frameworks",
				);
				MARKETING_VERSION = 1.0;
				PRODUCT_BUNDLE_IDENTIFIER = "com.morrismwangi.CIB-Absa";
				PRODUCT_NAME = "$(TARGET_NAME)";
				SWIFT_EMIT_LOC_STRINGS = YES;
				SWIFT_VERSION = 5.0;
				TARGETED_DEVICE_FAMILY = "1,2";
			};
			name = Debug;
		};
		AB02B217274E8C66004C7616 /* Release */ = {
			isa = XCBuildConfiguration;
			buildSettings = {
				ASSETCATALOG_COMPILER_APPICON_NAME = AppIcon;
				ASSETCATALOG_COMPILER_GLOBAL_ACCENT_COLOR_NAME = AccentColor;
				CODE_SIGN_STYLE = Automatic;
				CURRENT_PROJECT_VERSION = 1;
				DEVELOPMENT_TEAM = 54NSLC8KA5;
				GENERATE_INFOPLIST_FILE = YES;
				INFOPLIST_FILE = CIB_Absa/Info.plist;
				INFOPLIST_KEY_UIApplicationSupportsIndirectInputEvents = YES;
				INFOPLIST_KEY_UILaunchStoryboardName = LaunchScreen;
				INFOPLIST_KEY_UIMainStoryboardFile = Main;
				INFOPLIST_KEY_UISupportedInterfaceOrientations_iPad = "UIInterfaceOrientationPortrait UIInterfaceOrientationPortraitUpsideDown UIInterfaceOrientationLandscapeLeft UIInterfaceOrientationLandscapeRight";
				INFOPLIST_KEY_UISupportedInterfaceOrientations_iPhone = "UIInterfaceOrientationPortrait UIInterfaceOrientationLandscapeLeft UIInterfaceOrientationLandscapeRight";
				LD_RUNPATH_SEARCH_PATHS = (
					"$(inherited)",
					"@executable_path/Frameworks",
				);
				MARKETING_VERSION = 1.0;
				PRODUCT_BUNDLE_IDENTIFIER = "com.morrismwangi.CIB-Absa";
				PRODUCT_NAME = "$(TARGET_NAME)";
				SWIFT_EMIT_LOC_STRINGS = YES;
				SWIFT_VERSION = 5.0;
				TARGETED_DEVICE_FAMILY = "1,2";
			};
			name = Release;
		};
		AB02B219274E8C66004C7616 /* Debug */ = {
			isa = XCBuildConfiguration;
			buildSettings = {
				ALWAYS_EMBED_SWIFT_STANDARD_LIBRARIES = YES;
				BUNDLE_LOADER = "$(TEST_HOST)";
				CODE_SIGN_STYLE = Automatic;
				CURRENT_PROJECT_VERSION = 1;
				DEVELOPMENT_TEAM = 54NSLC8KA5;
				GENERATE_INFOPLIST_FILE = YES;
				IPHONEOS_DEPLOYMENT_TARGET = 15.0;
				LD_RUNPATH_SEARCH_PATHS = (
					"$(inherited)",
					"@executable_path/Frameworks",
					"@loader_path/Frameworks",
				);
				MARKETING_VERSION = 1.0;
				PRODUCT_BUNDLE_IDENTIFIER = "com.morrismwangi.CIB-AbsaTests";
				PRODUCT_NAME = "$(TARGET_NAME)";
				SWIFT_EMIT_LOC_STRINGS = NO;
				SWIFT_VERSION = 5.0;
				TARGETED_DEVICE_FAMILY = "1,2";
				TEST_HOST = "$(BUILT_PRODUCTS_DIR)/CIB_Absa.app/CIB_Absa";
			};
			name = Debug;
		};
		AB02B21A274E8C66004C7616 /* Release */ = {
			isa = XCBuildConfiguration;
			buildSettings = {
				ALWAYS_EMBED_SWIFT_STANDARD_LIBRARIES = YES;
				BUNDLE_LOADER = "$(TEST_HOST)";
				CODE_SIGN_STYLE = Automatic;
				CURRENT_PROJECT_VERSION = 1;
				DEVELOPMENT_TEAM = 54NSLC8KA5;
				GENERATE_INFOPLIST_FILE = YES;
				IPHONEOS_DEPLOYMENT_TARGET = 15.0;
				LD_RUNPATH_SEARCH_PATHS = (
					"$(inherited)",
					"@executable_path/Frameworks",
					"@loader_path/Frameworks",
				);
				MARKETING_VERSION = 1.0;
				PRODUCT_BUNDLE_IDENTIFIER = "com.morrismwangi.CIB-AbsaTests";
				PRODUCT_NAME = "$(TARGET_NAME)";
				SWIFT_EMIT_LOC_STRINGS = NO;
				SWIFT_VERSION = 5.0;
				TARGETED_DEVICE_FAMILY = "1,2";
				TEST_HOST = "$(BUILT_PRODUCTS_DIR)/CIB_Absa.app/CIB_Absa";
			};
			name = Release;
		};
		AB02B21C274E8C66004C7616 /* Debug */ = {
			isa = XCBuildConfiguration;
			buildSettings = {
				ALWAYS_EMBED_SWIFT_STANDARD_LIBRARIES = YES;
				CODE_SIGN_STYLE = Automatic;
				CURRENT_PROJECT_VERSION = 1;
				DEVELOPMENT_TEAM = 54NSLC8KA5;
				GENERATE_INFOPLIST_FILE = YES;
				LD_RUNPATH_SEARCH_PATHS = (
					"$(inherited)",
					"@executable_path/Frameworks",
					"@loader_path/Frameworks",
				);
				MARKETING_VERSION = 1.0;
				PRODUCT_BUNDLE_IDENTIFIER = "com.morrismwangi.CIB-AbsaUITests";
				PRODUCT_NAME = "$(TARGET_NAME)";
				SWIFT_EMIT_LOC_STRINGS = NO;
				SWIFT_VERSION = 5.0;
				TARGETED_DEVICE_FAMILY = "1,2";
				TEST_TARGET_NAME = CIB_Absa;
			};
			name = Debug;
		};
		AB02B21D274E8C66004C7616 /* Release */ = {
			isa = XCBuildConfiguration;
			buildSettings = {
				ALWAYS_EMBED_SWIFT_STANDARD_LIBRARIES = YES;
				CODE_SIGN_STYLE = Automatic;
				CURRENT_PROJECT_VERSION = 1;
				DEVELOPMENT_TEAM = 54NSLC8KA5;
				GENERATE_INFOPLIST_FILE = YES;
				LD_RUNPATH_SEARCH_PATHS = (
					"$(inherited)",
					"@executable_path/Frameworks",
					"@loader_path/Frameworks",
				);
				MARKETING_VERSION = 1.0;
				PRODUCT_BUNDLE_IDENTIFIER = "com.morrismwangi.CIB-AbsaUITests";
				PRODUCT_NAME = "$(TARGET_NAME)";
				SWIFT_EMIT_LOC_STRINGS = NO;
				SWIFT_VERSION = 5.0;
				TARGETED_DEVICE_FAMILY = "1,2";
				TEST_TARGET_NAME = CIB_Absa;
			};
			name = Release;
		};
/* End XCBuildConfiguration section */

/* Begin XCConfigurationList section */
		AB02B1E6274E8C63004C7616 /* Build configuration list for PBXProject "CIB_Absa" */ = {
			isa = XCConfigurationList;
			buildConfigurations = (
				AB02B213274E8C66004C7616 /* Debug */,
				AB02B214274E8C66004C7616 /* Release */,
			);
			defaultConfigurationIsVisible = 0;
			defaultConfigurationName = Release;
		};
		AB02B215274E8C66004C7616 /* Build configuration list for PBXNativeTarget "CIB_Absa" */ = {
			isa = XCConfigurationList;
			buildConfigurations = (
				AB02B216274E8C66004C7616 /* Debug */,
				AB02B217274E8C66004C7616 /* Release */,
			);
			defaultConfigurationIsVisible = 0;
			defaultConfigurationName = Release;
		};
		AB02B218274E8C66004C7616 /* Build configuration list for PBXNativeTarget "CIB_AbsaTests" */ = {
			isa = XCConfigurationList;
			buildConfigurations = (
				AB02B219274E8C66004C7616 /* Debug */,
				AB02B21A274E8C66004C7616 /* Release */,
			);
			defaultConfigurationIsVisible = 0;
			defaultConfigurationName = Release;
		};
		AB02B21B274E8C66004C7616 /* Build configuration list for PBXNativeTarget "CIB_AbsaUITests" */ = {
			isa = XCConfigurationList;
			buildConfigurations = (
				AB02B21C274E8C66004C7616 /* Debug */,
				AB02B21D274E8C66004C7616 /* Release */,
			);
			defaultConfigurationIsVisible = 0;
			defaultConfigurationName = Release;
		};
/* End XCConfigurationList section */
	};
	rootObject = AB02B1E3274E8C63004C7616 /* Project object */;
}
